
Microsoft Visual Studio Solution File, Format Version 12.00
# Visual Studio Version 17
VisualStudioVersion = 17.4.33213.308
MinimumVisualStudioVersion = 10.0.40219.1
Project("{FAE04EC0-301F-11D3-BF4B-00C04F79EFBC}") = "AkkaApi", "AkkaApi.csproj", "{03AF2135-7CA5-40E3-AC61-E1B6392F4282}"
EndProject
Global
	GlobalSection(SolutionConfigurationPlatforms) = preSolution
		Debug|Any CPU = Debug|Any CPU
		Release|Any CPU = Release|Any CPU
	EndGlobalSection
	GlobalSection(ProjectConfigurationPlatforms) = postSolution
		{03AF2135-7CA5-40E3-AC61-E1B6392F4282}.Debug|Any CPU.ActiveCfg = Debug|Any CPU
		{03AF2135-7CA5-40E3-AC61-E1B6392F4282}.Debug|Any CPU.Build.0 = Debug|Any CPU
		{03AF2135-7CA5-40E3-AC61-E1B6392F4282}.Release|Any CPU.ActiveCfg = Release|Any CPU
		{03AF2135-7CA5-40E3-AC61-E1B6392F4282}.Release|Any CPU.Build.0 = Release|Any CPU
	EndGlobalSection
	GlobalSection(SolutionProperties) = preSolution
		HideSolutionNode = FALSE
	EndGlobalSection
	GlobalSection(ExtensibilityGlobals) = postSolution
		SolutionGuid = {6BDD9BCD-E95E-47F2-BBF1-C5AA5F0AE259}
	EndGlobalSection
EndGlobal
